
Microsoft Visual Studio Solution File, Format Version 12.00
# Visual Studio Version 17
VisualStudioVersion = 17.7.34031.279
MinimumVisualStudioVersion = 10.0.40219.1
Project("{FAE04EC0-301F-11D3-BF4B-00C04F79EFBC}") = "TreasureHunt", "TreasureHunt\TreasureHunt.csproj", "{2DD69DF2-46CA-458E-AE07-59D01870EA4F}"
EndProject
Project("{FAE04EC0-301F-11D3-BF4B-00C04F79EFBC}") = "TreasureHuntTest", "TreasureHuntTest\TreasureHuntTest.csproj", "{9D809EE8-7C19-4925-AB5E-8BBC064B543A}"
EndProject
Global
	GlobalSection(SolutionConfigurationPlatforms) = preSolution
		Debug|Any CPU = Debug|Any CPU
		Release|Any CPU = Release|Any CPU
	EndGlobalSection
	GlobalSection(ProjectConfigurationPlatforms) = postSolution
		{2DD69DF2-46CA-458E-AE07-59D01870EA4F}.Debug|Any CPU.ActiveCfg = Debug|Any CPU
		{2DD69DF2-46CA-458E-AE07-59D01870EA4F}.Debug|Any CPU.Build.0 = Debug|Any CPU
		{2DD69DF2-46CA-458E-AE07-59D01870EA4F}.Release|Any CPU.ActiveCfg = Release|Any CPU
		{2DD69DF2-46CA-458E-AE07-59D01870EA4F}.Release|Any CPU.Build.0 = Release|Any CPU
		{9D809EE8-7C19-4925-AB5E-8BBC064B543A}.Debug|Any CPU.ActiveCfg = Debug|Any CPU
		{9D809EE8-7C19-4925-AB5E-8BBC064B543A}.Debug|Any CPU.Build.0 = Debug|Any CPU
		{9D809EE8-7C19-4925-AB5E-8BBC064B543A}.Release|Any CPU.ActiveCfg = Release|Any CPU
		{9D809EE8-7C19-4925-AB5E-8BBC064B543A}.Release|Any CPU.Build.0 = Release|Any CPU
	EndGlobalSection
	GlobalSection(SolutionProperties) = preSolution
		HideSolutionNode = FALSE
	EndGlobalSection
	GlobalSection(ExtensibilityGlobals) = postSolution
		SolutionGuid = {EE8AF3B0-A684-4133-BAE7-C39B15983D86}
	EndGlobalSection
EndGlobal
